
Microsoft Visual Studio Solution File, Format Version 12.00
# Visual Studio 14
VisualStudioVersion = 14.0.25420.1
MinimumVisualStudioVersion = 10.0.40219.1
Project("{FAE04EC0-301F-11D3-BF4B-00C04F79EFBC}") = "Instabilities.ProcessOutputConsumer", "ProcessOutputAsync\Instabilities.ProcessOutputConsumer\Instabilities.ProcessOutputConsumer.csproj", "{907E7411-88DA-42AF-A9A0-A52FEC151FB0}"
EndProject
Project("{FAE04EC0-301F-11D3-BF4B-00C04F79EFBC}") = "Instabilities.ProcessOutputProducer", "ProcessOutputAsync\Instabilities.ProcessOutputProducer\Instabilities.ProcessOutputProducer.csproj", "{349A4C46-25A7-4944-BDF8-13D9CCCF13C7}"
EndProject
Project("{2150E333-8FDC-42A3-9474-1A3956D46DE8}") = "ProcessOutputAsync", "ProcessOutputAsync", "{81F5AED8-BB2A-4F64-8D8E-AE91D961148C}"
	ProjectSection(SolutionItems) = preProject
		ProcessOutputAsync\Readme.md = ProcessOutputAsync\Readme.md
	EndProjectSection
EndProject
Project("{FAE04EC0-301F-11D3-BF4B-00C04F79EFBC}") = "Instabilities.EpochTime", "EpochTime\Instabilities.EpochTime.csproj", "{A3A5B7EF-0870-4D55-80BB-D19B4F501BD2}"
EndProject
Project("{2150E333-8FDC-42A3-9474-1A3956D46DE8}") = "Solution Items", "Solution Items", "{1BBD40B7-F9D8-44A2-AEC0-EEC97D4DCAFF}"
	ProjectSection(SolutionItems) = preProject
		Readme.md = Readme.md
	EndProjectSection
EndProject
Project("{2150E333-8FDC-42A3-9474-1A3956D46DE8}") = "ProcessIncompleteLines", "ProcessIncompleteLines", "{359DBB4E-E64C-4750-98F5-46B1A1C52B45}"
	ProjectSection(SolutionItems) = preProject
		ProcessSharedFileReadWrite\Readme.md = ProcessSharedFileReadWrite\Readme.md
	EndProjectSection
EndProject
Project("{FAE04EC0-301F-11D3-BF4B-00C04F79EFBC}") = "Instabilities.ProcessSharedFileWriter", "ProcessSharedFileReadWrite\Instabilities.ProcessSharedFileWriter\Instabilities.ProcessSharedFileWriter.csproj", "{D36093A7-C1E5-46F8-96EF-E3C209ABB0A2}"
EndProject
Project("{FAE04EC0-301F-11D3-BF4B-00C04F79EFBC}") = "Instabilities.ProcessSharedFileReader", "ProcessSharedFileReadWrite\Instabilities.ProcessSharedFileReader\Instabilities.ProcessSharedFileReader.csproj", "{E94AB7D4-5F55-477D-8E1D-AD6D90E17F4E}"
	ProjectSection(ProjectDependencies) = postProject
		{D36093A7-C1E5-46F8-96EF-E3C209ABB0A2} = {D36093A7-C1E5-46F8-96EF-E3C209ABB0A2}
	EndProjectSection
EndProject
Global
	GlobalSection(SolutionConfigurationPlatforms) = preSolution
		Debug|Any CPU = Debug|Any CPU
		Release|Any CPU = Release|Any CPU
	EndGlobalSection
	GlobalSection(ProjectConfigurationPlatforms) = postSolution
		{907E7411-88DA-42AF-A9A0-A52FEC151FB0}.Debug|Any CPU.ActiveCfg = Debug|Any CPU
		{907E7411-88DA-42AF-A9A0-A52FEC151FB0}.Debug|Any CPU.Build.0 = Debug|Any CPU
		{907E7411-88DA-42AF-A9A0-A52FEC151FB0}.Release|Any CPU.ActiveCfg = Release|Any CPU
		{907E7411-88DA-42AF-A9A0-A52FEC151FB0}.Release|Any CPU.Build.0 = Release|Any CPU
		{349A4C46-25A7-4944-BDF8-13D9CCCF13C7}.Debug|Any CPU.ActiveCfg = Debug|Any CPU
		{349A4C46-25A7-4944-BDF8-13D9CCCF13C7}.Debug|Any CPU.Build.0 = Debug|Any CPU
		{349A4C46-25A7-4944-BDF8-13D9CCCF13C7}.Release|Any CPU.ActiveCfg = Release|Any CPU
		{349A4C46-25A7-4944-BDF8-13D9CCCF13C7}.Release|Any CPU.Build.0 = Release|Any CPU
		{A3A5B7EF-0870-4D55-80BB-D19B4F501BD2}.Debug|Any CPU.ActiveCfg = Debug|Any CPU
		{A3A5B7EF-0870-4D55-80BB-D19B4F501BD2}.Debug|Any CPU.Build.0 = Debug|Any CPU
		{A3A5B7EF-0870-4D55-80BB-D19B4F501BD2}.Release|Any CPU.ActiveCfg = Release|Any CPU
		{A3A5B7EF-0870-4D55-80BB-D19B4F501BD2}.Release|Any CPU.Build.0 = Release|Any CPU
		{D36093A7-C1E5-46F8-96EF-E3C209ABB0A2}.Debug|Any CPU.ActiveCfg = Debug|Any CPU
		{D36093A7-C1E5-46F8-96EF-E3C209ABB0A2}.Debug|Any CPU.Build.0 = Debug|Any CPU
		{D36093A7-C1E5-46F8-96EF-E3C209ABB0A2}.Release|Any CPU.ActiveCfg = Release|Any CPU
		{D36093A7-C1E5-46F8-96EF-E3C209ABB0A2}.Release|Any CPU.Build.0 = Release|Any CPU
		{E94AB7D4-5F55-477D-8E1D-AD6D90E17F4E}.Debug|Any CPU.ActiveCfg = Debug|Any CPU
		{E94AB7D4-5F55-477D-8E1D-AD6D90E17F4E}.Debug|Any CPU.Build.0 = Debug|Any CPU
		{E94AB7D4-5F55-477D-8E1D-AD6D90E17F4E}.Release|Any CPU.ActiveCfg = Release|Any CPU
		{E94AB7D4-5F55-477D-8E1D-AD6D90E17F4E}.Release|Any CPU.Build.0 = Release|Any CPU
	EndGlobalSection
	GlobalSection(SolutionProperties) = preSolution
		HideSolutionNode = FALSE
	EndGlobalSection
	GlobalSection(NestedProjects) = preSolution
		{907E7411-88DA-42AF-A9A0-A52FEC151FB0} = {81F5AED8-BB2A-4F64-8D8E-AE91D961148C}
		{349A4C46-25A7-4944-BDF8-13D9CCCF13C7} = {81F5AED8-BB2A-4F64-8D8E-AE91D961148C}
		{D36093A7-C1E5-46F8-96EF-E3C209ABB0A2} = {359DBB4E-E64C-4750-98F5-46B1A1C52B45}
		{E94AB7D4-5F55-477D-8E1D-AD6D90E17F4E} = {359DBB4E-E64C-4750-98F5-46B1A1C52B45}
	EndGlobalSection
EndGlobal
